
Microsoft Visual Studio Solution File, Format Version 12.00
# Visual Studio 15
VisualStudioVersion = 15.0.28010.2019
MinimumVisualStudioVersion = 10.0.40219.1
Project("{FAE04EC0-301F-11D3-BF4B-00C04F79EFBC}") = "VisualPrograming_Experiment4_3", "VisualPrograming_Experiment4_3\VisualPrograming_Experiment4_3.csproj", "{01FC6AD2-E6AD-449E-9391-33CB2DE1C402}"
EndProject
Global
	GlobalSection(SolutionConfigurationPlatforms) = preSolution
		Debug|Any CPU = Debug|Any CPU
		Release|Any CPU = Release|Any CPU
	EndGlobalSection
	GlobalSection(ProjectConfigurationPlatforms) = postSolution
		{01FC6AD2-E6AD-449E-9391-33CB2DE1C402}.Debug|Any CPU.ActiveCfg = Debug|Any CPU
		{01FC6AD2-E6AD-449E-9391-33CB2DE1C402}.Debug|Any CPU.Build.0 = Debug|Any CPU
		{01FC6AD2-E6AD-449E-9391-33CB2DE1C402}.Release|Any CPU.ActiveCfg = Release|Any CPU
		{01FC6AD2-E6AD-449E-9391-33CB2DE1C402}.Release|Any CPU.Build.0 = Release|Any CPU
	EndGlobalSection
	GlobalSection(SolutionProperties) = preSolution
		HideSolutionNode = FALSE
	EndGlobalSection
	GlobalSection(ExtensibilityGlobals) = postSolution
		SolutionGuid = {DCAB693F-4CD9-4812-BCFE-85EA5DD20940}
	EndGlobalSection
EndGlobal
