
Microsoft Visual Studio Solution File, Format Version 12.00
# Visual Studio 15
VisualStudioVersion = 15.0.28010.2019
MinimumVisualStudioVersion = 10.0.40219.1
Project("{FAE04EC0-301F-11D3-BF4B-00C04F79EFBC}") = "VisualPrograming_Experiment4-2", "VisualPrograming_Experiment4-2\VisualPrograming_Experiment4-2.csproj", "{2B6207A5-0F32-4FD8-A7FA-27B01A1181E3}"
EndProject
Global
	GlobalSection(SolutionConfigurationPlatforms) = preSolution
		Debug|Any CPU = Debug|Any CPU
		Release|Any CPU = Release|Any CPU
	EndGlobalSection
	GlobalSection(ProjectConfigurationPlatforms) = postSolution
		{2B6207A5-0F32-4FD8-A7FA-27B01A1181E3}.Debug|Any CPU.ActiveCfg = Debug|Any CPU
		{2B6207A5-0F32-4FD8-A7FA-27B01A1181E3}.Debug|Any CPU.Build.0 = Debug|Any CPU
		{2B6207A5-0F32-4FD8-A7FA-27B01A1181E3}.Release|Any CPU.ActiveCfg = Release|Any CPU
		{2B6207A5-0F32-4FD8-A7FA-27B01A1181E3}.Release|Any CPU.Build.0 = Release|Any CPU
	EndGlobalSection
	GlobalSection(SolutionProperties) = preSolution
		HideSolutionNode = FALSE
	EndGlobalSection
	GlobalSection(ExtensibilityGlobals) = postSolution
		SolutionGuid = {2052BD02-2E12-4DDB-809A-A4FE1E1FF6D3}
	EndGlobalSection
EndGlobal
